
Microsoft Visual Studio Solution File, Format Version 12.00
# Visual Studio 15
VisualStudioVersion = 15.0.27703.2035
MinimumVisualStudioVersion = 10.0.40219.1
Project("{FAE04EC0-301F-11D3-BF4B-00C04F79EFBC}") = "wa__tsc", "aw_transcript\wa__tsc.csproj", "{6063357C-F274-4D88-9D3C-D8E122580A45}"
EndProject
Project("{FAE04EC0-301F-11D3-BF4B-00C04F79EFBC}") = "wa_tsc.Tests", "aw_transcript.Tests\wa_tsc.Tests.csproj", "{3E770BB6-2D40-4369-9ECF-B155D35DE7F5}"
EndProject
Global
	GlobalSection(SolutionConfigurationPlatforms) = preSolution
		Debug|Any CPU = Debug|Any CPU
		Release|Any CPU = Release|Any CPU
	EndGlobalSection
	GlobalSection(ProjectConfigurationPlatforms) = postSolution
		{6063357C-F274-4D88-9D3C-D8E122580A45}.Debug|Any CPU.ActiveCfg = Debug|Any CPU
		{6063357C-F274-4D88-9D3C-D8E122580A45}.Debug|Any CPU.Build.0 = Debug|Any CPU
		{6063357C-F274-4D88-9D3C-D8E122580A45}.Release|Any CPU.ActiveCfg = Release|Any CPU
		{6063357C-F274-4D88-9D3C-D8E122580A45}.Release|Any CPU.Build.0 = Release|Any CPU
		{3E770BB6-2D40-4369-9ECF-B155D35DE7F5}.Debug|Any CPU.ActiveCfg = Debug|Any CPU
		{3E770BB6-2D40-4369-9ECF-B155D35DE7F5}.Debug|Any CPU.Build.0 = Debug|Any CPU
		{3E770BB6-2D40-4369-9ECF-B155D35DE7F5}.Release|Any CPU.ActiveCfg = Release|Any CPU
		{3E770BB6-2D40-4369-9ECF-B155D35DE7F5}.Release|Any CPU.Build.0 = Release|Any CPU
	EndGlobalSection
	GlobalSection(SolutionProperties) = preSolution
		HideSolutionNode = FALSE
	EndGlobalSection
	GlobalSection(ExtensibilityGlobals) = postSolution
		SolutionGuid = {2020C583-BB23-4944-88FF-E412DE7E2045}
	EndGlobalSection
EndGlobal
